
Microsoft Visual Studio Solution File, Format Version 12.00
# Visual Studio Version 17
VisualStudioVersion = 17.14.36212.18 d17.14
MinimumVisualStudioVersion = 10.0.40219.1
Project("{FAE04EC0-301F-11D3-BF4B-00C04F79EFBC}") = "AAAA", "AAAA\AAAA.csproj", "{60474D91-AEB2-46C8-81CF-02FAB102AEDE}"
EndProject
Global
	GlobalSection(SolutionConfigurationPlatforms) = preSolution
		Debug|Any CPU = Debug|Any CPU
		Release|Any CPU = Release|Any CPU
	EndGlobalSection
	GlobalSection(ProjectConfigurationPlatforms) = postSolution
		{60474D91-AEB2-46C8-81CF-02FAB102AEDE}.Debug|Any CPU.ActiveCfg = Debug|Any CPU
		{60474D91-AEB2-46C8-81CF-02FAB102AEDE}.Debug|Any CPU.Build.0 = Debug|Any CPU
		{60474D91-AEB2-46C8-81CF-02FAB102AEDE}.Release|Any CPU.ActiveCfg = Release|Any CPU
		{60474D91-AEB2-46C8-81CF-02FAB102AEDE}.Release|Any CPU.Build.0 = Release|Any CPU
	EndGlobalSection
	GlobalSection(SolutionProperties) = preSolution
		HideSolutionNode = FALSE
	EndGlobalSection
	GlobalSection(ExtensibilityGlobals) = postSolution
		SolutionGuid = {16528F85-D661-468A-A0EF-5B32D27CAACD}
	EndGlobalSection
EndGlobal
